
Microsoft Visual Studio Solution File, Format Version 12.00
# Visual Studio 14
VisualStudioVersion = 14.0.25420.1
MinimumVisualStudioVersion = 10.0.40219.1
Project("{2150E333-8FDC-42A3-9474-1A3956D46DE8}") = "src", "src", "{992BDA96-4FE5-4C1C-8BB4-CBD06C33AE4D}"
EndProject
Project("{2150E333-8FDC-42A3-9474-1A3956D46DE8}") = "Solution Items", "Solution Items", "{241F5FD3-0670-41A5-896A-B6D2A67A78CC}"
	ProjectSection(SolutionItems) = preProject
		global.json = global.json
	EndProjectSection
EndProject
Project("{8BB2217D-0F2D-49D1-97BC-3654ED321F3B}") = "ASPNETCoreEnvironments", "src\ASPNETCoreEnvironments\ASPNETCoreEnvironments.xproj", "{664C453E-3896-4D3C-89A6-1BCC850A323B}"
EndProject
Global
	GlobalSection(SolutionConfigurationPlatforms) = preSolution
		Debug|Any CPU = Debug|Any CPU
		Release|Any CPU = Release|Any CPU
	EndGlobalSection
	GlobalSection(ProjectConfigurationPlatforms) = postSolution
		{664C453E-3896-4D3C-89A6-1BCC850A323B}.Debug|Any CPU.ActiveCfg = Debug|Any CPU
		{664C453E-3896-4D3C-89A6-1BCC850A323B}.Debug|Any CPU.Build.0 = Debug|Any CPU
		{664C453E-3896-4D3C-89A6-1BCC850A323B}.Release|Any CPU.ActiveCfg = Release|Any CPU
		{664C453E-3896-4D3C-89A6-1BCC850A323B}.Release|Any CPU.Build.0 = Release|Any CPU
	EndGlobalSection
	GlobalSection(SolutionProperties) = preSolution
		HideSolutionNode = FALSE
	EndGlobalSection
	GlobalSection(NestedProjects) = preSolution
		{664C453E-3896-4D3C-89A6-1BCC850A323B} = {992BDA96-4FE5-4C1C-8BB4-CBD06C33AE4D}
	EndGlobalSection
EndGlobal
